
Microsoft Visual Studio Solution File, Format Version 12.00
# Visual Studio Version 17
VisualStudioVersion = 17.3.32819.101
MinimumVisualStudioVersion = 10.0.40219.1
Project("{9A19103F-16F7-4668-BE54-9A1E7A4F7556}") = "MachineInfo.CollectorAgent", "MachineInfo.CollectorAgent\MachineInfo.CollectorAgent.csproj", "{0D0BC5EE-B074-42B8-A196-3F13BE099B7F}"
EndProject
Project("{9A19103F-16F7-4668-BE54-9A1E7A4F7556}") = "MachineInfo.System", "MachineInfo.System\MachineInfo.System.csproj", "{DF313D34-E0DC-426C-AB41-62BE2A657D2A}"
EndProject
Global
	GlobalSection(SolutionConfigurationPlatforms) = preSolution
		Debug|Any CPU = Debug|Any CPU
		Release|Any CPU = Release|Any CPU
	EndGlobalSection
	GlobalSection(ProjectConfigurationPlatforms) = postSolution
		{0D0BC5EE-B074-42B8-A196-3F13BE099B7F}.Debug|Any CPU.ActiveCfg = Debug|Any CPU
		{0D0BC5EE-B074-42B8-A196-3F13BE099B7F}.Debug|Any CPU.Build.0 = Debug|Any CPU
		{0D0BC5EE-B074-42B8-A196-3F13BE099B7F}.Release|Any CPU.ActiveCfg = Release|Any CPU
		{0D0BC5EE-B074-42B8-A196-3F13BE099B7F}.Release|Any CPU.Build.0 = Release|Any CPU
		{DF313D34-E0DC-426C-AB41-62BE2A657D2A}.Debug|Any CPU.ActiveCfg = Debug|Any CPU
		{DF313D34-E0DC-426C-AB41-62BE2A657D2A}.Debug|Any CPU.Build.0 = Debug|Any CPU
		{DF313D34-E0DC-426C-AB41-62BE2A657D2A}.Release|Any CPU.ActiveCfg = Release|Any CPU
		{DF313D34-E0DC-426C-AB41-62BE2A657D2A}.Release|Any CPU.Build.0 = Release|Any CPU
	EndGlobalSection
	GlobalSection(SolutionProperties) = preSolution
		HideSolutionNode = FALSE
	EndGlobalSection
	GlobalSection(ExtensibilityGlobals) = postSolution
		SolutionGuid = {55ADD53F-5D34-4302-8A16-25B348EE4F20}
	EndGlobalSection
EndGlobal
